{
  "name": "4.5",
  "version": "1.0.0",
  "lockfileVersion": 1,
  "requires": true,
  "dependencies": {
    "typescript": {
      "version": "4.5.0-dev.20211029",
      "resolved": "https://registry.npmjs.org/typescript/-/typescript-4.5.0-dev.20211029.tgz",
      "integrity": "sha512-N+2wLMbTq+jQmad78i4wKBGcXudBFWy+QdV1Xu9cx+F5Xi6hubBotFEzS7zA7G1Eevy6NJwlsNy0G8ok2GQ9nw==",
      "dev": true
    }
  }
}
